
Microsoft Visual Studio Solution File, Format Version 12.00
# Visual Studio Version 17
VisualStudioVersion = 17.0.31903.59
MinimumVisualStudioVersion = 10.0.40219.1
Project("{2150E333-8FDC-42A3-9474-1A3956D46DE8}") = "src", "src", "{827E0CD3-B72D-47B6-A68D-7590B98EB39B}"
EndProject
Project("{FAE04EC0-301F-11D3-BF4B-00C04F79EFBC}") = "Devices.Api", "src\Devices.Api\Devices.Api.csproj", "{7DD0FABD-2E0C-45B0-8BA6-2FB9CBB3B104}"
EndProject
Project("{FAE04EC0-301F-11D3-BF4B-00C04F79EFBC}") = "Devices.Application", "src\Devices.Application\Devices.Application.csproj", "{9DC08A2E-1611-4D65-8AC6-48DD8D877444}"
EndProject
Project("{FAE04EC0-301F-11D3-BF4B-00C04F79EFBC}") = "Devices.Domain", "src\Devices.Domain\Devices.Domain.csproj", "{20EBFDFB-7DC3-4524-B0B1-3237FA011F6F}"
EndProject
Project("{FAE04EC0-301F-11D3-BF4B-00C04F79EFBC}") = "Devices.Infrastructure", "src\Devices.Infrastructure\Devices.Infrastructure.csproj", "{CDD96673-36D6-4252-ADC8-A727FA758295}"
EndProject
Project("{2150E333-8FDC-42A3-9474-1A3956D46DE8}") = "tests", "tests", "{0AB3BF05-4346-4AA6-1389-037BE0695223}"
EndProject
Project("{FAE04EC0-301F-11D3-BF4B-00C04F79EFBC}") = "Devices.UnitTests", "tests\Devices.UnitTests\Devices.UnitTests.csproj", "{BF0C9374-7782-4F6D-AB3E-2BAD0AA39366}"
EndProject
Project("{FAE04EC0-301F-11D3-BF4B-00C04F79EFBC}") = "Devices.IntegrationTests", "tests\Devices.IntegrationTests\Devices.IntegrationTests.csproj", "{84566584-FE03-419E-98A8-F2DBDF72B82B}"
EndProject
Global
	GlobalSection(SolutionConfigurationPlatforms) = preSolution
		Debug|Any CPU = Debug|Any CPU
		Debug|x64 = Debug|x64
		Debug|x86 = Debug|x86
		Release|Any CPU = Release|Any CPU
		Release|x64 = Release|x64
		Release|x86 = Release|x86
	EndGlobalSection
	GlobalSection(ProjectConfigurationPlatforms) = postSolution
		{7DD0FABD-2E0C-45B0-8BA6-2FB9CBB3B104}.Debug|Any CPU.ActiveCfg = Debug|Any CPU
		{7DD0FABD-2E0C-45B0-8BA6-2FB9CBB3B104}.Debug|Any CPU.Build.0 = Debug|Any CPU
		{7DD0FABD-2E0C-45B0-8BA6-2FB9CBB3B104}.Debug|x64.ActiveCfg = Debug|Any CPU
		{7DD0FABD-2E0C-45B0-8BA6-2FB9CBB3B104}.Debug|x64.Build.0 = Debug|Any CPU
		{7DD0FABD-2E0C-45B0-8BA6-2FB9CBB3B104}.Debug|x86.ActiveCfg = Debug|Any CPU
		{7DD0FABD-2E0C-45B0-8BA6-2FB9CBB3B104}.Debug|x86.Build.0 = Debug|Any CPU
		{7DD0FABD-2E0C-45B0-8BA6-2FB9CBB3B104}.Release|Any CPU.ActiveCfg = Release|Any CPU
		{7DD0FABD-2E0C-45B0-8BA6-2FB9CBB3B104}.Release|Any CPU.Build.0 = Release|Any CPU
		{7DD0FABD-2E0C-45B0-8BA6-2FB9CBB3B104}.Release|x64.ActiveCfg = Release|Any CPU
		{7DD0FABD-2E0C-45B0-8BA6-2FB9CBB3B104}.Release|x64.Build.0 = Release|Any CPU
		{7DD0FABD-2E0C-45B0-8BA6-2FB9CBB3B104}.Release|x86.ActiveCfg = Release|Any CPU
		{7DD0FABD-2E0C-45B0-8BA6-2FB9CBB3B104}.Release|x86.Build.0 = Release|Any CPU
		{9DC08A2E-1611-4D65-8AC6-48DD8D877444}.Debug|Any CPU.ActiveCfg = Debug|Any CPU
		{9DC08A2E-1611-4D65-8AC6-48DD8D877444}.Debug|Any CPU.Build.0 = Debug|Any CPU
		{9DC08A2E-1611-4D65-8AC6-48DD8D877444}.Debug|x64.ActiveCfg = Debug|Any CPU
		{9DC08A2E-1611-4D65-8AC6-48DD8D877444}.Debug|x64.Build.0 = Debug|Any CPU
		{9DC08A2E-1611-4D65-8AC6-48DD8D877444}.Debug|x86.ActiveCfg = Debug|Any CPU
		{9DC08A2E-1611-4D65-8AC6-48DD8D877444}.Debug|x86.Build.0 = Debug|Any CPU
		{9DC08A2E-1611-4D65-8AC6-48DD8D877444}.Release|Any CPU.ActiveCfg = Release|Any CPU
		{9DC08A2E-1611-4D65-8AC6-48DD8D877444}.Release|Any CPU.Build.0 = Release|Any CPU
		{9DC08A2E-1611-4D65-8AC6-48DD8D877444}.Release|x64.ActiveCfg = Release|Any CPU
		{9DC08A2E-1611-4D65-8AC6-48DD8D877444}.Release|x64.Build.0 = Release|Any CPU
		{9DC08A2E-1611-4D65-8AC6-48DD8D877444}.Release|x86.ActiveCfg = Release|Any CPU
		{9DC08A2E-1611-4D65-8AC6-48DD8D877444}.Release|x86.Build.0 = Release|Any CPU
		{20EBFDFB-7DC3-4524-B0B1-3237FA011F6F}.Debug|Any CPU.ActiveCfg = Debug|Any CPU
		{20EBFDFB-7DC3-4524-B0B1-3237FA011F6F}.Debug|Any CPU.Build.0 = Debug|Any CPU
		{20EBFDFB-7DC3-4524-B0B1-3237FA011F6F}.Debug|x64.ActiveCfg = Debug|Any CPU
		{20EBFDFB-7DC3-4524-B0B1-3237FA011F6F}.Debug|x64.Build.0 = Debug|Any CPU
		{20EBFDFB-7DC3-4524-B0B1-3237FA011F6F}.Debug|x86.ActiveCfg = Debug|Any CPU
		{20EBFDFB-7DC3-4524-B0B1-3237FA011F6F}.Debug|x86.Build.0 = Debug|Any CPU
		{20EBFDFB-7DC3-4524-B0B1-3237FA011F6F}.Release|Any CPU.ActiveCfg = Release|Any CPU
		{20EBFDFB-7DC3-4524-B0B1-3237FA011F6F}.Release|Any CPU.Build.0 = Release|Any CPU
		{20EBFDFB-7DC3-4524-B0B1-3237FA011F6F}.Release|x64.ActiveCfg = Release|Any CPU
		{20EBFDFB-7DC3-4524-B0B1-3237FA011F6F}.Release|x64.Build.0 = Release|Any CPU
		{20EBFDFB-7DC3-4524-B0B1-3237FA011F6F}.Release|x86.ActiveCfg = Release|Any CPU
		{20EBFDFB-7DC3-4524-B0B1-3237FA011F6F}.Release|x86.Build.0 = Release|Any CPU
		{CDD96673-36D6-4252-ADC8-A727FA758295}.Debug|Any CPU.ActiveCfg = Debug|Any CPU
		{CDD96673-36D6-4252-ADC8-A727FA758295}.Debug|Any CPU.Build.0 = Debug|Any CPU
		{CDD96673-36D6-4252-ADC8-A727FA758295}.Debug|x64.ActiveCfg = Debug|Any CPU
		{CDD96673-36D6-4252-ADC8-A727FA758295}.Debug|x64.Build.0 = Debug|Any CPU
		{CDD96673-36D6-4252-ADC8-A727FA758295}.Debug|x86.ActiveCfg = Debug|Any CPU
		{CDD96673-36D6-4252-ADC8-A727FA758295}.Debug|x86.Build.0 = Debug|Any CPU
		{CDD96673-36D6-4252-ADC8-A727FA758295}.Release|Any CPU.ActiveCfg = Release|Any CPU
		{CDD96673-36D6-4252-ADC8-A727FA758295}.Release|Any CPU.Build.0 = Release|Any CPU
		{CDD96673-36D6-4252-ADC8-A727FA758295}.Release|x64.ActiveCfg = Release|Any CPU
		{CDD96673-36D6-4252-ADC8-A727FA758295}.Release|x64.Build.0 = Release|Any CPU
		{CDD96673-36D6-4252-ADC8-A727FA758295}.Release|x86.ActiveCfg = Release|Any CPU
		{CDD96673-36D6-4252-ADC8-A727FA758295}.Release|x86.Build.0 = Release|Any CPU
		{BF0C9374-7782-4F6D-AB3E-2BAD0AA39366}.Debug|Any CPU.ActiveCfg = Debug|Any CPU
		{BF0C9374-7782-4F6D-AB3E-2BAD0AA39366}.Debug|Any CPU.Build.0 = Debug|Any CPU
		{BF0C9374-7782-4F6D-AB3E-2BAD0AA39366}.Debug|x64.ActiveCfg = Debug|Any CPU
		{BF0C9374-7782-4F6D-AB3E-2BAD0AA39366}.Debug|x64.Build.0 = Debug|Any CPU
		{BF0C9374-7782-4F6D-AB3E-2BAD0AA39366}.Debug|x86.ActiveCfg = Debug|Any CPU
		{BF0C9374-7782-4F6D-AB3E-2BAD0AA39366}.Debug|x86.Build.0 = Debug|Any CPU
		{BF0C9374-7782-4F6D-AB3E-2BAD0AA39366}.Release|Any CPU.ActiveCfg = Release|Any CPU
		{BF0C9374-7782-4F6D-AB3E-2BAD0AA39366}.Release|Any CPU.Build.0 = Release|Any CPU
		{BF0C9374-7782-4F6D-AB3E-2BAD0AA39366}.Release|x64.ActiveCfg = Release|Any CPU
		{BF0C9374-7782-4F6D-AB3E-2BAD0AA39366}.Release|x64.Build.0 = Release|Any CPU
		{BF0C9374-7782-4F6D-AB3E-2BAD0AA39366}.Release|x86.ActiveCfg = Release|Any CPU
		{BF0C9374-7782-4F6D-AB3E-2BAD0AA39366}.Release|x86.Build.0 = Release|Any CPU
		{84566584-FE03-419E-98A8-F2DBDF72B82B}.Debug|Any CPU.ActiveCfg = Debug|Any CPU
		{84566584-FE03-419E-98A8-F2DBDF72B82B}.Debug|Any CPU.Build.0 = Debug|Any CPU
		{84566584-FE03-419E-98A8-F2DBDF72B82B}.Debug|x64.ActiveCfg = Debug|Any CPU
		{84566584-FE03-419E-98A8-F2DBDF72B82B}.Debug|x64.Build.0 = Debug|Any CPU
		{84566584-FE03-419E-98A8-F2DBDF72B82B}.Debug|x86.ActiveCfg = Debug|Any CPU
		{84566584-FE03-419E-98A8-F2DBDF72B82B}.Debug|x86.Build.0 = Debug|Any CPU
		{84566584-FE03-419E-98A8-F2DBDF72B82B}.Release|Any CPU.ActiveCfg = Release|Any CPU
		{84566584-FE03-419E-98A8-F2DBDF72B82B}.Release|Any CPU.Build.0 = Release|Any CPU
		{84566584-FE03-419E-98A8-F2DBDF72B82B}.Release|x64.ActiveCfg = Release|Any CPU
		{84566584-FE03-419E-98A8-F2DBDF72B82B}.Release|x64.Build.0 = Release|Any CPU
		{84566584-FE03-419E-98A8-F2DBDF72B82B}.Release|x86.ActiveCfg = Release|Any CPU
		{84566584-FE03-419E-98A8-F2DBDF72B82B}.Release|x86.Build.0 = Release|Any CPU
	EndGlobalSection
	GlobalSection(SolutionProperties) = preSolution
		HideSolutionNode = FALSE
	EndGlobalSection
	GlobalSection(NestedProjects) = preSolution
		{7DD0FABD-2E0C-45B0-8BA6-2FB9CBB3B104} = {827E0CD3-B72D-47B6-A68D-7590B98EB39B}
		{9DC08A2E-1611-4D65-8AC6-48DD8D877444} = {827E0CD3-B72D-47B6-A68D-7590B98EB39B}
		{20EBFDFB-7DC3-4524-B0B1-3237FA011F6F} = {827E0CD3-B72D-47B6-A68D-7590B98EB39B}
		{CDD96673-36D6-4252-ADC8-A727FA758295} = {827E0CD3-B72D-47B6-A68D-7590B98EB39B}
		{BF0C9374-7782-4F6D-AB3E-2BAD0AA39366} = {0AB3BF05-4346-4AA6-1389-037BE0695223}
		{84566584-FE03-419E-98A8-F2DBDF72B82B} = {0AB3BF05-4346-4AA6-1389-037BE0695223}
	EndGlobalSection
EndGlobal
